
Microsoft Visual Studio Solution File, Format Version 11.00
# Visual Studio 2010
Project("{FAE04EC0-301F-11D3-BF4B-00C04F79EFBC}") = "UnityEngine.TestRunner", "UnityEngine.TestRunner.csproj", "{6A768E17-6881-84C5-0092-9C11BE3B1449}"
EndProject
Project("{FAE04EC0-301F-11D3-BF4B-00C04F79EFBC}") = "Unity.2D.Animation.Triangle.Runtime", "Unity.2D.Animation.Triangle.Runtime.csproj", "{591C6278-21C0-9A0B-4B53-F0B3C6D1C4F0}"
EndProject
Project("{FAE04EC0-301F-11D3-BF4B-00C04F79EFBC}") = "UnityEngine.UI", "UnityEngine.UI.csproj", "{D04307D6-A264-82DA-DA61-003196DB8069}"
EndProject
Project("{FAE04EC0-301F-11D3-BF4B-00C04F79EFBC}") = "Unity.TextMeshPro", "Unity.TextMeshPro.csproj", "{6937D9FB-8FCD-C0F6-BE4F-4A48C1459CBD}"
EndProject
Project("{FAE04EC0-301F-11D3-BF4B-00C04F79EFBC}") = "Unity.2D.Animation.Runtime", "Unity.2D.Animation.Runtime.csproj", "{AB183651-109F-12C6-21EE-6B49E620A503}"
EndProject
Project("{FAE04EC0-301F-11D3-BF4B-00C04F79EFBC}") = "Unity.Timeline", "Unity.Timeline.csproj", "{4542AE01-05D2-F1EB-4DFE-A328E69A0DDC}"
EndProject
Project("{FAE04EC0-301F-11D3-BF4B-00C04F79EFBC}") = "Unity.Mathematics", "Unity.Mathematics.csproj", "{40D820C6-580E-D7C6-C5B0-E21E0F2EB07E}"
EndProject
Project("{FAE04EC0-301F-11D3-BF4B-00C04F79EFBC}") = "Unity.2D.SpriteShape.Runtime", "Unity.2D.SpriteShape.Runtime.csproj", "{82639AB0-80ED-39B5-F607-815BB6F43797}"
EndProject
Project("{FAE04EC0-301F-11D3-BF4B-00C04F79EFBC}") = "Assembly-CSharp", "Assembly-CSharp.csproj", "{DDFBC18F-9396-3137-9CFE-DEB2CDB74636}"
EndProject
Project("{FAE04EC0-301F-11D3-BF4B-00C04F79EFBC}") = "Unity.2D.PixelPerfect", "Unity.2D.PixelPerfect.csproj", "{0D05806D-C858-A7AC-A0E2-2C024A6B3A1C}"
EndProject
Project("{FAE04EC0-301F-11D3-BF4B-00C04F79EFBC}") = "Unity.InternalAPIEngineBridge.001", "Unity.InternalAPIEngineBridge.001.csproj", "{EFE28718-BF02-E3EA-AFF7-67B8E0897FED}"
EndProject
Project("{FAE04EC0-301F-11D3-BF4B-00C04F79EFBC}") = "Unity.2D.Common.Runtime", "Unity.2D.Common.Runtime.csproj", "{20493304-6901-693A-45B9-B1432700F283}"
EndProject
Project("{FAE04EC0-301F-11D3-BF4B-00C04F79EFBC}") = "Unity.TextMeshPro.Editor", "Unity.TextMeshPro.Editor.csproj", "{84E3DEBF-A955-DA74-DE13-C4861FEE2C61}"
EndProject
Project("{FAE04EC0-301F-11D3-BF4B-00C04F79EFBC}") = "Unity.Timeline.Editor", "Unity.Timeline.Editor.csproj", "{5915FC3F-6E77-4193-8B3D-443BBB8717B0}"
EndProject
Project("{FAE04EC0-301F-11D3-BF4B-00C04F79EFBC}") = "UnityEditor.TestRunner", "UnityEditor.TestRunner.csproj", "{913B742B-689B-E37E-ABA0-C9C69EC9D379}"
EndProject
Project("{FAE04EC0-301F-11D3-BF4B-00C04F79EFBC}") = "com.unity.quicksearch", "com.unity.quicksearch.csproj", "{EF02C1E9-ABB5-D3A4-20A3-F646E008DC55}"
EndProject
Project("{FAE04EC0-301F-11D3-BF4B-00C04F79EFBC}") = "Unity.2D.Animation.Editor", "Unity.2D.Animation.Editor.csproj", "{C9E80396-5425-32A2-6E8E-97BDAD13D73E}"
EndProject
Project("{FAE04EC0-301F-11D3-BF4B-00C04F79EFBC}") = "Unity.2D.Path.Editor", "Unity.2D.Path.Editor.csproj", "{A5B94B0E-AA60-849F-B004-5B7619D4B9B6}"
EndProject
Project("{FAE04EC0-301F-11D3-BF4B-00C04F79EFBC}") = "Unity.2D.Sprite.Editor", "Unity.2D.Sprite.Editor.csproj", "{23C70C2E-092A-3ECA-1E4A-1C6C14059C62}"
EndProject
Project("{FAE04EC0-301F-11D3-BF4B-00C04F79EFBC}") = "UnityEditor.UI", "UnityEditor.UI.csproj", "{6D88D9F1-9CBE-22EE-62F1-AB7D8769DC30}"
EndProject
Project("{FAE04EC0-301F-11D3-BF4B-00C04F79EFBC}") = "Unity.Mobile.AndroidLogcat.Editor", "Unity.Mobile.AndroidLogcat.Editor.csproj", "{4CB4F2CA-46C0-7825-301B-BE3F91B1A338}"
EndProject
Project("{FAE04EC0-301F-11D3-BF4B-00C04F79EFBC}") = "Unity.DeviceSimulator.Editor", "Unity.DeviceSimulator.Editor.csproj", "{278869B4-51E0-2868-4D80-435E3C75AD3E}"
EndProject
Project("{FAE04EC0-301F-11D3-BF4B-00C04F79EFBC}") = "Unity.Rider.Editor", "Unity.Rider.Editor.csproj", "{4E47F96F-8A24-9FF2-8BA6-C1C20E23B7E4}"
EndProject
Project("{FAE04EC0-301F-11D3-BF4B-00C04F79EFBC}") = "Unity.2D.Tilemap.Editor", "Unity.2D.Tilemap.Editor.csproj", "{645FF188-1732-817C-D522-B972E92C4763}"
EndProject
Project("{FAE04EC0-301F-11D3-BF4B-00C04F79EFBC}") = "Unity.2D.SpriteShape.Editor", "Unity.2D.SpriteShape.Editor.csproj", "{FAEF7819-A342-A238-F040-0106F9A9F64C}"
EndProject
Project("{FAE04EC0-301F-11D3-BF4B-00C04F79EFBC}") = "PsdPlugin", "PsdPlugin.csproj", "{281414E0-F10F-D898-3743-CF08274F32D3}"
EndProject
Project("{FAE04EC0-301F-11D3-BF4B-00C04F79EFBC}") = "Unity.CollabProxy.Editor", "Unity.CollabProxy.Editor.csproj", "{8CF2C73D-D45F-0EFE-C968-1ECD6036A545}"
EndProject
Project("{FAE04EC0-301F-11D3-BF4B-00C04F79EFBC}") = "Unity.2D.Common.Editor", "Unity.2D.Common.Editor.csproj", "{04E9C287-5D8F-3373-876D-417640796A07}"
EndProject
Project("{FAE04EC0-301F-11D3-BF4B-00C04F79EFBC}") = "Unity.VSCode.Editor", "Unity.VSCode.Editor.csproj", "{F2FA6359-7D81-2785-E899-DC738B0BCDBC}"
EndProject
Project("{FAE04EC0-301F-11D3-BF4B-00C04F79EFBC}") = "Unity.2D.Psdimporter.Editor", "Unity.2D.Psdimporter.Editor.csproj", "{EDA6612D-4E9F-6903-C6FD-4994C112B9E8}"
EndProject
Project("{FAE04EC0-301F-11D3-BF4B-00C04F79EFBC}") = "Unity.2D.PixelPerfect.Editor", "Unity.2D.PixelPerfect.Editor.csproj", "{891E62EB-C120-1CD8-AB89-0AB4C57348BF}"
EndProject
Project("{FAE04EC0-301F-11D3-BF4B-00C04F79EFBC}") = "Unity.DeviceSimulator.Tests.Common", "Unity.DeviceSimulator.Tests.Common.csproj", "{7E5FA645-3AA3-FC41-C56F-AEE6C97FF15A}"
EndProject
Project("{FAE04EC0-301F-11D3-BF4B-00C04F79EFBC}") = "Unity.Mathematics.Editor", "Unity.Mathematics.Editor.csproj", "{52DE4688-87BD-A8EA-8BC9-F2DB6B0B12C6}"
EndProject
Project("{FAE04EC0-301F-11D3-BF4B-00C04F79EFBC}") = "Unity.InternalAPIEditorBridge.001", "Unity.InternalAPIEditorBridge.001.csproj", "{D69BF69E-3D85-7B77-566A-D2353DC9435B}"
EndProject
Global
	GlobalSection(SolutionConfigurationPlatforms) = preSolution
		Debug|Any CPU = Debug|Any CPU
		Release|Any CPU = Release|Any CPU
	EndGlobalSection
	GlobalSection(ProjectConfigurationPlatforms) = postSolution
		{6A768E17-6881-84C5-0092-9C11BE3B1449}.Debug|Any CPU.ActiveCfg = Debug|Any CPU
		{6A768E17-6881-84C5-0092-9C11BE3B1449}.Debug|Any CPU.Build.0 = Debug|Any CPU
		{6A768E17-6881-84C5-0092-9C11BE3B1449}.Release|Any CPU.ActiveCfg = Release|Any CPU
		{6A768E17-6881-84C5-0092-9C11BE3B1449}.Release|Any CPU.Build.0 = Release|Any CPU
		{591C6278-21C0-9A0B-4B53-F0B3C6D1C4F0}.Debug|Any CPU.ActiveCfg = Debug|Any CPU
		{591C6278-21C0-9A0B-4B53-F0B3C6D1C4F0}.Debug|Any CPU.Build.0 = Debug|Any CPU
		{591C6278-21C0-9A0B-4B53-F0B3C6D1C4F0}.Release|Any CPU.ActiveCfg = Release|Any CPU
		{591C6278-21C0-9A0B-4B53-F0B3C6D1C4F0}.Release|Any CPU.Build.0 = Release|Any CPU
		{D04307D6-A264-82DA-DA61-003196DB8069}.Debug|Any CPU.ActiveCfg = Debug|Any CPU
		{D04307D6-A264-82DA-DA61-003196DB8069}.Debug|Any CPU.Build.0 = Debug|Any CPU
		{D04307D6-A264-82DA-DA61-003196DB8069}.Release|Any CPU.ActiveCfg = Release|Any CPU
		{D04307D6-A264-82DA-DA61-003196DB8069}.Release|Any CPU.Build.0 = Release|Any CPU
		{6937D9FB-8FCD-C0F6-BE4F-4A48C1459CBD}.Debug|Any CPU.ActiveCfg = Debug|Any CPU
		{6937D9FB-8FCD-C0F6-BE4F-4A48C1459CBD}.Debug|Any CPU.Build.0 = Debug|Any CPU
		{6937D9FB-8FCD-C0F6-BE4F-4A48C1459CBD}.Release|Any CPU.ActiveCfg = Release|Any CPU
		{6937D9FB-8FCD-C0F6-BE4F-4A48C1459CBD}.Release|Any CPU.Build.0 = Release|Any CPU
		{AB183651-109F-12C6-21EE-6B49E620A503}.Debug|Any CPU.ActiveCfg = Debug|Any CPU
		{AB183651-109F-12C6-21EE-6B49E620A503}.Debug|Any CPU.Build.0 = Debug|Any CPU
		{AB183651-109F-12C6-21EE-6B49E620A503}.Release|Any CPU.ActiveCfg = Release|Any CPU
		{AB183651-109F-12C6-21EE-6B49E620A503}.Release|Any CPU.Build.0 = Release|Any CPU
		{4542AE01-05D2-F1EB-4DFE-A328E69A0DDC}.Debug|Any CPU.ActiveCfg = Debug|Any CPU
		{4542AE01-05D2-F1EB-4DFE-A328E69A0DDC}.Debug|Any CPU.Build.0 = Debug|Any CPU
		{4542AE01-05D2-F1EB-4DFE-A328E69A0DDC}.Release|Any CPU.ActiveCfg = Release|Any CPU
		{4542AE01-05D2-F1EB-4DFE-A328E69A0DDC}.Release|Any CPU.Build.0 = Release|Any CPU
		{40D820C6-580E-D7C6-C5B0-E21E0F2EB07E}.Debug|Any CPU.ActiveCfg = Debug|Any CPU
		{40D820C6-580E-D7C6-C5B0-E21E0F2EB07E}.Debug|Any CPU.Build.0 = Debug|Any CPU
		{40D820C6-580E-D7C6-C5B0-E21E0F2EB07E}.Release|Any CPU.ActiveCfg = Release|Any CPU
		{40D820C6-580E-D7C6-C5B0-E21E0F2EB07E}.Release|Any CPU.Build.0 = Release|Any CPU
		{82639AB0-80ED-39B5-F607-815BB6F43797}.Debug|Any CPU.ActiveCfg = Debug|Any CPU
		{82639AB0-80ED-39B5-F607-815BB6F43797}.Debug|Any CPU.Build.0 = Debug|Any CPU
		{82639AB0-80ED-39B5-F607-815BB6F43797}.Release|Any CPU.ActiveCfg = Release|Any CPU
		{82639AB0-80ED-39B5-F607-815BB6F43797}.Release|Any CPU.Build.0 = Release|Any CPU
		{DDFBC18F-9396-3137-9CFE-DEB2CDB74636}.Debug|Any CPU.ActiveCfg = Debug|Any CPU
		{DDFBC18F-9396-3137-9CFE-DEB2CDB74636}.Debug|Any CPU.Build.0 = Debug|Any CPU
		{DDFBC18F-9396-3137-9CFE-DEB2CDB74636}.Release|Any CPU.ActiveCfg = Release|Any CPU
		{DDFBC18F-9396-3137-9CFE-DEB2CDB74636}.Release|Any CPU.Build.0 = Release|Any CPU
		{0D05806D-C858-A7AC-A0E2-2C024A6B3A1C}.Debug|Any CPU.ActiveCfg = Debug|Any CPU
		{0D05806D-C858-A7AC-A0E2-2C024A6B3A1C}.Debug|Any CPU.Build.0 = Debug|Any CPU
		{0D05806D-C858-A7AC-A0E2-2C024A6B3A1C}.Release|Any CPU.ActiveCfg = Release|Any CPU
		{0D05806D-C858-A7AC-A0E2-2C024A6B3A1C}.Release|Any CPU.Build.0 = Release|Any CPU
		{EFE28718-BF02-E3EA-AFF7-67B8E0897FED}.Debug|Any CPU.ActiveCfg = Debug|Any CPU
		{EFE28718-BF02-E3EA-AFF7-67B8E0897FED}.Debug|Any CPU.Build.0 = Debug|Any CPU
		{EFE28718-BF02-E3EA-AFF7-67B8E0897FED}.Release|Any CPU.ActiveCfg = Release|Any CPU
		{EFE28718-BF02-E3EA-AFF7-67B8E0897FED}.Release|Any CPU.Build.0 = Release|Any CPU
		{20493304-6901-693A-45B9-B1432700F283}.Debug|Any CPU.ActiveCfg = Debug|Any CPU
		{20493304-6901-693A-45B9-B1432700F283}.Debug|Any CPU.Build.0 = Debug|Any CPU
		{20493304-6901-693A-45B9-B1432700F283}.Release|Any CPU.ActiveCfg = Release|Any CPU
		{20493304-6901-693A-45B9-B1432700F283}.Release|Any CPU.Build.0 = Release|Any CPU
		{84E3DEBF-A955-DA74-DE13-C4861FEE2C61}.Debug|Any CPU.ActiveCfg = Debug|Any CPU
		{84E3DEBF-A955-DA74-DE13-C4861FEE2C61}.Debug|Any CPU.Build.0 = Debug|Any CPU
		{84E3DEBF-A955-DA74-DE13-C4861FEE2C61}.Release|Any CPU.ActiveCfg = Release|Any CPU
		{84E3DEBF-A955-DA74-DE13-C4861FEE2C61}.Release|Any CPU.Build.0 = Release|Any CPU
		{5915FC3F-6E77-4193-8B3D-443BBB8717B0}.Debug|Any CPU.ActiveCfg = Debug|Any CPU
		{5915FC3F-6E77-4193-8B3D-443BBB8717B0}.Debug|Any CPU.Build.0 = Debug|Any CPU
		{5915FC3F-6E77-4193-8B3D-443BBB8717B0}.Release|Any CPU.ActiveCfg = Release|Any CPU
		{5915FC3F-6E77-4193-8B3D-443BBB8717B0}.Release|Any CPU.Build.0 = Release|Any CPU
		{913B742B-689B-E37E-ABA0-C9C69EC9D379}.Debug|Any CPU.ActiveCfg = Debug|Any CPU
		{913B742B-689B-E37E-ABA0-C9C69EC9D379}.Debug|Any CPU.Build.0 = Debug|Any CPU
		{913B742B-689B-E37E-ABA0-C9C69EC9D379}.Release|Any CPU.ActiveCfg = Release|Any CPU
		{913B742B-689B-E37E-ABA0-C9C69EC9D379}.Release|Any CPU.Build.0 = Release|Any CPU
		{EF02C1E9-ABB5-D3A4-20A3-F646E008DC55}.Debug|Any CPU.ActiveCfg = Debug|Any CPU
		{EF02C1E9-ABB5-D3A4-20A3-F646E008DC55}.Debug|Any CPU.Build.0 = Debug|Any CPU
		{EF02C1E9-ABB5-D3A4-20A3-F646E008DC55}.Release|Any CPU.ActiveCfg = Release|Any CPU
		{EF02C1E9-ABB5-D3A4-20A3-F646E008DC55}.Release|Any CPU.Build.0 = Release|Any CPU
		{C9E80396-5425-32A2-6E8E-97BDAD13D73E}.Debug|Any CPU.ActiveCfg = Debug|Any CPU
		{C9E80396-5425-32A2-6E8E-97BDAD13D73E}.Debug|Any CPU.Build.0 = Debug|Any CPU
		{C9E80396-5425-32A2-6E8E-97BDAD13D73E}.Release|Any CPU.ActiveCfg = Release|Any CPU
		{C9E80396-5425-32A2-6E8E-97BDAD13D73E}.Release|Any CPU.Build.0 = Release|Any CPU
		{A5B94B0E-AA60-849F-B004-5B7619D4B9B6}.Debug|Any CPU.ActiveCfg = Debug|Any CPU
		{A5B94B0E-AA60-849F-B004-5B7619D4B9B6}.Debug|Any CPU.Build.0 = Debug|Any CPU
		{A5B94B0E-AA60-849F-B004-5B7619D4B9B6}.Release|Any CPU.ActiveCfg = Release|Any CPU
		{A5B94B0E-AA60-849F-B004-5B7619D4B9B6}.Release|Any CPU.Build.0 = Release|Any CPU
		{23C70C2E-092A-3ECA-1E4A-1C6C14059C62}.Debug|Any CPU.ActiveCfg = Debug|Any CPU
		{23C70C2E-092A-3ECA-1E4A-1C6C14059C62}.Debug|Any CPU.Build.0 = Debug|Any CPU
		{23C70C2E-092A-3ECA-1E4A-1C6C14059C62}.Release|Any CPU.ActiveCfg = Release|Any CPU
		{23C70C2E-092A-3ECA-1E4A-1C6C14059C62}.Release|Any CPU.Build.0 = Release|Any CPU
		{6D88D9F1-9CBE-22EE-62F1-AB7D8769DC30}.Debug|Any CPU.ActiveCfg = Debug|Any CPU
		{6D88D9F1-9CBE-22EE-62F1-AB7D8769DC30}.Debug|Any CPU.Build.0 = Debug|Any CPU
		{6D88D9F1-9CBE-22EE-62F1-AB7D8769DC30}.Release|Any CPU.ActiveCfg = Release|Any CPU
		{6D88D9F1-9CBE-22EE-62F1-AB7D8769DC30}.Release|Any CPU.Build.0 = Release|Any CPU
		{4CB4F2CA-46C0-7825-301B-BE3F91B1A338}.Debug|Any CPU.ActiveCfg = Debug|Any CPU
		{4CB4F2CA-46C0-7825-301B-BE3F91B1A338}.Debug|Any CPU.Build.0 = Debug|Any CPU
		{4CB4F2CA-46C0-7825-301B-BE3F91B1A338}.Release|Any CPU.ActiveCfg = Release|Any CPU
		{4CB4F2CA-46C0-7825-301B-BE3F91B1A338}.Release|Any CPU.Build.0 = Release|Any CPU
		{278869B4-51E0-2868-4D80-435E3C75AD3E}.Debug|Any CPU.ActiveCfg = Debug|Any CPU
		{278869B4-51E0-2868-4D80-435E3C75AD3E}.Debug|Any CPU.Build.0 = Debug|Any CPU
		{278869B4-51E0-2868-4D80-435E3C75AD3E}.Release|Any CPU.ActiveCfg = Release|Any CPU
		{278869B4-51E0-2868-4D80-435E3C75AD3E}.Release|Any CPU.Build.0 = Release|Any CPU
		{4E47F96F-8A24-9FF2-8BA6-C1C20E23B7E4}.Debug|Any CPU.ActiveCfg = Debug|Any CPU
		{4E47F96F-8A24-9FF2-8BA6-C1C20E23B7E4}.Debug|Any CPU.Build.0 = Debug|Any CPU
		{4E47F96F-8A24-9FF2-8BA6-C1C20E23B7E4}.Release|Any CPU.ActiveCfg = Release|Any CPU
		{4E47F96F-8A24-9FF2-8BA6-C1C20E23B7E4}.Release|Any CPU.Build.0 = Release|Any CPU
		{645FF188-1732-817C-D522-B972E92C4763}.Debug|Any CPU.ActiveCfg = Debug|Any CPU
		{645FF188-1732-817C-D522-B972E92C4763}.Debug|Any CPU.Build.0 = Debug|Any CPU
		{645FF188-1732-817C-D522-B972E92C4763}.Release|Any CPU.ActiveCfg = Release|Any CPU
		{645FF188-1732-817C-D522-B972E92C4763}.Release|Any CPU.Build.0 = Release|Any CPU
		{FAEF7819-A342-A238-F040-0106F9A9F64C}.Debug|Any CPU.ActiveCfg = Debug|Any CPU
		{FAEF7819-A342-A238-F040-0106F9A9F64C}.Debug|Any CPU.Build.0 = Debug|Any CPU
		{FAEF7819-A342-A238-F040-0106F9A9F64C}.Release|Any CPU.ActiveCfg = Release|Any CPU
		{FAEF7819-A342-A238-F040-0106F9A9F64C}.Release|Any CPU.Build.0 = Release|Any CPU
		{281414E0-F10F-D898-3743-CF08274F32D3}.Debug|Any CPU.ActiveCfg = Debug|Any CPU
		{281414E0-F10F-D898-3743-CF08274F32D3}.Debug|Any CPU.Build.0 = Debug|Any CPU
		{281414E0-F10F-D898-3743-CF08274F32D3}.Release|Any CPU.ActiveCfg = Release|Any CPU
		{281414E0-F10F-D898-3743-CF08274F32D3}.Release|Any CPU.Build.0 = Release|Any CPU
		{8CF2C73D-D45F-0EFE-C968-1ECD6036A545}.Debug|Any CPU.ActiveCfg = Debug|Any CPU
		{8CF2C73D-D45F-0EFE-C968-1ECD6036A545}.Debug|Any CPU.Build.0 = Debug|Any CPU
		{8CF2C73D-D45F-0EFE-C968-1ECD6036A545}.Release|Any CPU.ActiveCfg = Release|Any CPU
		{8CF2C73D-D45F-0EFE-C968-1ECD6036A545}.Release|Any CPU.Build.0 = Release|Any CPU
		{04E9C287-5D8F-3373-876D-417640796A07}.Debug|Any CPU.ActiveCfg = Debug|Any CPU
		{04E9C287-5D8F-3373-876D-417640796A07}.Debug|Any CPU.Build.0 = Debug|Any CPU
		{04E9C287-5D8F-3373-876D-417640796A07}.Release|Any CPU.ActiveCfg = Release|Any CPU
		{04E9C287-5D8F-3373-876D-417640796A07}.Release|Any CPU.Build.0 = Release|Any CPU
		{F2FA6359-7D81-2785-E899-DC738B0BCDBC}.Debug|Any CPU.ActiveCfg = Debug|Any CPU
		{F2FA6359-7D81-2785-E899-DC738B0BCDBC}.Debug|Any CPU.Build.0 = Debug|Any CPU
		{F2FA6359-7D81-2785-E899-DC738B0BCDBC}.Release|Any CPU.ActiveCfg = Release|Any CPU
		{F2FA6359-7D81-2785-E899-DC738B0BCDBC}.Release|Any CPU.Build.0 = Release|Any CPU
		{EDA6612D-4E9F-6903-C6FD-4994C112B9E8}.Debug|Any CPU.ActiveCfg = Debug|Any CPU
		{EDA6612D-4E9F-6903-C6FD-4994C112B9E8}.Debug|Any CPU.Build.0 = Debug|Any CPU
		{EDA6612D-4E9F-6903-C6FD-4994C112B9E8}.Release|Any CPU.ActiveCfg = Release|Any CPU
		{EDA6612D-4E9F-6903-C6FD-4994C112B9E8}.Release|Any CPU.Build.0 = Release|Any CPU
		{891E62EB-C120-1CD8-AB89-0AB4C57348BF}.Debug|Any CPU.ActiveCfg = Debug|Any CPU
		{891E62EB-C120-1CD8-AB89-0AB4C57348BF}.Debug|Any CPU.Build.0 = Debug|Any CPU
		{891E62EB-C120-1CD8-AB89-0AB4C57348BF}.Release|Any CPU.ActiveCfg = Release|Any CPU
		{891E62EB-C120-1CD8-AB89-0AB4C57348BF}.Release|Any CPU.Build.0 = Release|Any CPU
		{7E5FA645-3AA3-FC41-C56F-AEE6C97FF15A}.Debug|Any CPU.ActiveCfg = Debug|Any CPU
		{7E5FA645-3AA3-FC41-C56F-AEE6C97FF15A}.Debug|Any CPU.Build.0 = Debug|Any CPU
		{7E5FA645-3AA3-FC41-C56F-AEE6C97FF15A}.Release|Any CPU.ActiveCfg = Release|Any CPU
		{7E5FA645-3AA3-FC41-C56F-AEE6C97FF15A}.Release|Any CPU.Build.0 = Release|Any CPU
		{52DE4688-87BD-A8EA-8BC9-F2DB6B0B12C6}.Debug|Any CPU.ActiveCfg = Debug|Any CPU
		{52DE4688-87BD-A8EA-8BC9-F2DB6B0B12C6}.Debug|Any CPU.Build.0 = Debug|Any CPU
		{52DE4688-87BD-A8EA-8BC9-F2DB6B0B12C6}.Release|Any CPU.ActiveCfg = Release|Any CPU
		{52DE4688-87BD-A8EA-8BC9-F2DB6B0B12C6}.Release|Any CPU.Build.0 = Release|Any CPU
		{D69BF69E-3D85-7B77-566A-D2353DC9435B}.Debug|Any CPU.ActiveCfg = Debug|Any CPU
		{D69BF69E-3D85-7B77-566A-D2353DC9435B}.Debug|Any CPU.Build.0 = Debug|Any CPU
		{D69BF69E-3D85-7B77-566A-D2353DC9435B}.Release|Any CPU.ActiveCfg = Release|Any CPU
		{D69BF69E-3D85-7B77-566A-D2353DC9435B}.Release|Any CPU.Build.0 = Release|Any CPU
	EndGlobalSection
	GlobalSection(SolutionProperties) = preSolution
		HideSolutionNode = FALSE
	EndGlobalSection
EndGlobal
